
Microsoft Visual Studio Solution File, Format Version 12.00
# Visual Studio Version 17
VisualStudioVersion = 17.0.33530.339
MinimumVisualStudioVersion = 10.0.40219.1
Project("{9A19103F-16F7-4668-BE54-9A1E7A4F7556}") = "CodeBuilder", "CodeBuilder.csproj", "{6A5A3F5F-4138-414D-B8B0-3F862339A181}"
EndProject
Global
	GlobalSection(SolutionConfigurationPlatforms) = preSolution
		Debug|Any CPU = Debug|Any CPU
		Release|Any CPU = Release|Any CPU
	EndGlobalSection
	GlobalSection(ProjectConfigurationPlatforms) = postSolution
		{6A5A3F5F-4138-414D-B8B0-3F862339A181}.Debug|Any CPU.ActiveCfg = Debug|Any CPU
		{6A5A3F5F-4138-414D-B8B0-3F862339A181}.Debug|Any CPU.Build.0 = Debug|Any CPU
		{6A5A3F5F-4138-414D-B8B0-3F862339A181}.Release|Any CPU.ActiveCfg = Release|Any CPU
		{6A5A3F5F-4138-414D-B8B0-3F862339A181}.Release|Any CPU.Build.0 = Release|Any CPU
	EndGlobalSection
	GlobalSection(SolutionProperties) = preSolution
		HideSolutionNode = FALSE
	EndGlobalSection
	GlobalSection(ExtensibilityGlobals) = postSolution
		SolutionGuid = {97449789-0207-4287-860B-882DD610912A}
	EndGlobalSection
EndGlobal
